// !$*UTF8*$!
{
	archiveVersion = 1;
	classes = {
	};
	objectVersion = 56;
	objects = {

/* Begin PBXBuildFile section */
		D62659C92C69962800625B74 /* SpeedJarvisApp.swift in Sources */ = {isa = PBXBuildFile; fileRef = D62659C82C69962800625B74 /* SpeedJarvisApp.swift */; };
		D62659CD2C69962A00625B74 /* Assets.xcassets in Resources */ = {isa = PBXBuildFile; fileRef = D62659CC2C69962A00625B74 /* Assets.xcassets */; };
		D62659D02C69962A00625B74 /* Preview Assets.xcassets in Resources */ = {isa = PBXBuildFile; fileRef = D62659CF2C69962A00625B74 /* Preview Assets.xcassets */; };
		D62659D82C69969F00625B74 /* AppCore in Frameworks */ = {isa = PBXBuildFile; productRef = D62659D72C69969F00625B74 /* AppCore */; };
		D7B100B100000000000000B1 /* SpeedJarvisWatchApp.swift in Sources */ = {isa = PBXBuildFile; fileRef = D7B100A100000000000000A1 /* SpeedJarvisWatchApp.swift */; };
		D7B100B200000000000000B2 /* WatchWorldLive.swift in Sources */ = {isa = PBXBuildFile; fileRef = D7B100A200000000000000A2 /* WatchWorldLive.swift */; };
		D7B100B300000000000000B3 /* Assets.xcassets in Resources */ = {isa = PBXBuildFile; fileRef = D7B100A300000000000000A3 /* Assets.xcassets */; };
		D7B100B400000000000000B4 /* WatchCore in Frameworks */ = {isa = PBXBuildFile; productRef = D7B100C600000000000000C6 /* WatchCore */; };
/* End PBXBuildFile section */

/* Begin PBXFileReference section */
		D62659C52C69962800625B74 /* SpeedJarvis.app */ = {isa = PBXFileReference; explicitFileType = wrapper.application; includeInIndex = 0; path = SpeedJarvis.app; sourceTree = BUILT_PRODUCTS_DIR; };
		D62659C82C69962800625B74 /* SpeedJarvisApp.swift */ = {isa = PBXFileReference; lastKnownFileType = sourcecode.swift; path = SpeedJarvisApp.swift; sourceTree = "<group>"; };
		D62659CC2C69962A00625B74 /* Assets.xcassets */ = {isa = PBXFileReference; lastKnownFileType = folder.assetcatalog; path = Assets.xcassets; sourceTree = "<group>"; };
		D62659CF2C69962A00625B74 /* Preview Assets.xcassets */ = {isa = PBXFileReference; lastKnownFileType = folder.assetcatalog; path = "Preview Assets.xcassets"; sourceTree = "<group>"; };
		D62659D92C69B27A00625B74 /* Info.plist */ = {isa = PBXFileReference; lastKnownFileType = text.plist; path = Info.plist; sourceTree = "<group>"; };
		D6C19A5C2C6C4BA400D93BDD /* SpeedJarvis.entitlements */ = {isa = PBXFileReference; lastKnownFileType = text.plist.entitlements; path = SpeedJarvis.entitlements; sourceTree = "<group>"; };
		25C1422C44B7E303FEC68D2E /* Shared.xcconfig */ = {isa = PBXFileReference; lastKnownFileType = text.xcconfig; path = Shared.xcconfig; sourceTree = "<group>"; };
		D7B100A100000000000000A1 /* SpeedJarvisWatchApp.swift */ = {isa = PBXFileReference; lastKnownFileType = sourcecode.swift; path = SpeedJarvisWatchApp.swift; sourceTree = "<group>"; };
		D7B100A200000000000000A2 /* WatchWorldLive.swift */ = {isa = PBXFileReference; lastKnownFileType = sourcecode.swift; path = WatchWorldLive.swift; sourceTree = "<group>"; };
		D7B100A300000000000000A3 /* Assets.xcassets */ = {isa = PBXFileReference; lastKnownFileType = folder.assetcatalog; path = Assets.xcassets; sourceTree = "<group>"; };
		D7B100A400000000000000A4 /* SpeedJarvisWatch.app */ = {isa = PBXFileReference; explicitFileType = wrapper.application; includeInIndex = 0; path = SpeedJarvisWatch.app; sourceTree = BUILT_PRODUCTS_DIR; };
/* End PBXFileReference section */

/* Begin PBXFrameworksBuildPhase section */
		D62659C22C69962800625B74 /* Frameworks */ = {
			isa = PBXFrameworksBuildPhase;
			buildActionMask = 2147483647;
			files = (
				D62659D82C69969F00625B74 /* AppCore in Frameworks */,
			);
			runOnlyForDeploymentPostprocessing = 0;
		};
		D7B100C400000000000000C4 /* Frameworks */ = {
			isa = PBXFrameworksBuildPhase;
			buildActionMask = 2147483647;
			files = (
				D7B100B400000000000000B4 /* WatchCore in Frameworks */,
			);
			runOnlyForDeploymentPostprocessing = 0;
		};
/* End PBXFrameworksBuildPhase section */

/* Begin PBXGroup section */
		D62659BC2C69962800625B74 = {
			isa = PBXGroup;
			children = (
				D62659C72C69962800625B74 /* App */,
				D7B100C100000000000000C1 /* WatchApp */,
				5376334CF4C9786DF154729D /* Config */,
				D62659C62C69962800625B74 /* Products */,
				D62659D62C69969F00625B74 /* Frameworks */,
			);
			sourceTree = "<group>";
		};
		5376334CF4C9786DF154729D /* Config */ = {
			isa = PBXGroup;
			children = (
				25C1422C44B7E303FEC68D2E /* Shared.xcconfig */,
			);
			name = Config;
			path = Config;
			sourceTree = "<group>";
		};
		D62659C62C69962800625B74 /* Products */ = {
			isa = PBXGroup;
			children = (
				D62659C52C69962800625B74 /* SpeedJarvis.app */,
				D7B100A400000000000000A4 /* SpeedJarvisWatch.app */,
			);
			name = Products;
			sourceTree = "<group>";
		};
		D62659C72C69962800625B74 /* App */ = {
			isa = PBXGroup;
			children = (
				D6C19A5C2C6C4BA400D93BDD /* SpeedJarvis.entitlements */,
				D62659D92C69B27A00625B74 /* Info.plist */,
				D62659C82C69962800625B74 /* SpeedJarvisApp.swift */,
				D62659CC2C69962A00625B74 /* Assets.xcassets */,
				D62659CE2C69962A00625B74 /* Preview Content */,
			);
			path = App;
			sourceTree = "<group>";
		};
		D7B100C100000000000000C1 /* WatchApp */ = {
			isa = PBXGroup;
			children = (
				D7B100A100000000000000A1 /* SpeedJarvisWatchApp.swift */,
				D7B100A200000000000000A2 /* WatchWorldLive.swift */,
				D7B100A300000000000000A3 /* Assets.xcassets */,
			);
			path = WatchApp;
			sourceTree = "<group>";
		};
		D62659CE2C69962A00625B74 /* Preview Content */ = {
			isa = PBXGroup;
			children = (
				D62659CF2C69962A00625B74 /* Preview Assets.xcassets */,
			);
			path = "Preview Content";
			sourceTree = "<group>";
		};
		D62659D62C69969F00625B74 /* Frameworks */ = {
			isa = PBXGroup;
			children = (
			);
			name = Frameworks;
			sourceTree = "<group>";
		};
/* End PBXGroup section */

/* Begin PBXNativeTarget section */
		D62659C42C69962800625B74 /* SpeedJarvis */ = {
			isa = PBXNativeTarget;
			buildConfigurationList = D62659D32C69962A00625B74 /* Build configuration list for PBXNativeTarget "SpeedJarvis" */;
			buildPhases = (
				D62659C12C69962800625B74 /* Sources */,
				D62659C22C69962800625B74 /* Frameworks */,
				D62659C32C69962800625B74 /* Resources */,
			);
			buildRules = (
			);
			dependencies = (
			);
			name = SpeedJarvis;
			packageProductDependencies = (
				D62659D72C69969F00625B74 /* AppCore */,
			);
			productName = SpeedJarvis;
			productReference = D62659C52C69962800625B74 /* SpeedJarvis.app */;
			productType = "com.apple.product-type.application";
		};
		D7B100C200000000000000C2 /* SpeedJarvisWatch */ = {
			isa = PBXNativeTarget;
			buildConfigurationList = D7B100D300000000000000D3 /* Build configuration list for PBXNativeTarget "SpeedJarvisWatch" */;
			buildPhases = (
				D7B100C300000000000000C3 /* Sources */,
				D7B100C400000000000000C4 /* Frameworks */,
				D7B100C500000000000000C5 /* Resources */,
			);
			buildRules = (
			);
			dependencies = (
			);
			name = SpeedJarvisWatch;
			packageProductDependencies = (
				D7B100C600000000000000C6 /* WatchCore */,
			);
			productName = SpeedJarvisWatch;
			productReference = D7B100A400000000000000A4 /* SpeedJarvisWatch.app */;
			productType = "com.apple.product-type.application";
		};
/* End PBXNativeTarget section */

/* Begin PBXProject section */
		D62659BD2C69962800625B74 /* Project object */ = {
			isa = PBXProject;
			attributes = {
				BuildIndependentTargetsInParallel = 1;
				LastSwiftUpdateCheck = 1530;
				LastUpgradeCheck = 1530;
				TargetAttributes = {
					D62659C42C69962800625B74 = {
						CreatedOnToolsVersion = 15.3;
					};
					D7B100C200000000000000C2 = {
						CreatedOnToolsVersion = 15.3;
					};
				};
			};
			buildConfigurationList = D62659C02C69962800625B74 /* Build configuration list for PBXProject "SpeedJarvis" */;
			compatibilityVersion = "Xcode 14.0";
			developmentRegion = en;
			hasScannedForEncodings = 0;
			knownRegions = (
				en,
				Base,
			);
			mainGroup = D62659BC2C69962800625B74;
			packageReferences = (
				D6AA00012C6996AA00625B74 /* XCLocalSwiftPackageReference ".." */,
				D6AA00022C6996AA00625B74 /* XCRemoteSwiftPackageReference "SwiftRex" */,
			);
			productRefGroup = D62659C62C69962800625B74 /* Products */;
			projectDirPath = "";
			projectRoot = "";
			targets = (
				D62659C42C69962800625B74 /* SpeedJarvis */,
				D7B100C200000000000000C2 /* SpeedJarvisWatch */,
			);
		};
/* End PBXProject section */

/* Begin PBXResourcesBuildPhase section */
		D62659C32C69962800625B74 /* Resources */ = {
			isa = PBXResourcesBuildPhase;
			buildActionMask = 2147483647;
			files = (
				D62659D02C69962A00625B74 /* Preview Assets.xcassets in Resources */,
				D62659CD2C69962A00625B74 /* Assets.xcassets in Resources */,
			);
			runOnlyForDeploymentPostprocessing = 0;
		};
		D7B100C500000000000000C5 /* Resources */ = {
			isa = PBXResourcesBuildPhase;
			buildActionMask = 2147483647;
			files = (
				D7B100B300000000000000B3 /* Assets.xcassets in Resources */,
			);
			runOnlyForDeploymentPostprocessing = 0;
		};
/* End PBXResourcesBuildPhase section */

/* Begin PBXSourcesBuildPhase section */
		D62659C12C69962800625B74 /* Sources */ = {
			isa = PBXSourcesBuildPhase;
			buildActionMask = 2147483647;
			files = (
				D62659C92C69962800625B74 /* SpeedJarvisApp.swift in Sources */,
			);
			runOnlyForDeploymentPostprocessing = 0;
		};
		D7B100C300000000000000C3 /* Sources */ = {
			isa = PBXSourcesBuildPhase;
			buildActionMask = 2147483647;
			files = (
				D7B100B100000000000000B1 /* SpeedJarvisWatchApp.swift in Sources */,
				D7B100B200000000000000B2 /* WatchWorldLive.swift in Sources */,
			);
			runOnlyForDeploymentPostprocessing = 0;
		};
/* End PBXSourcesBuildPhase section */

/* Begin XCBuildConfiguration section */
		D62659D12C69962A00625B74 /* Debug */ = {
			isa = XCBuildConfiguration;
			buildSettings = {
				ALWAYS_SEARCH_USER_PATHS = NO;
				ASSETCATALOG_COMPILER_GENERATE_SWIFT_ASSET_SYMBOL_EXTENSIONS = YES;
				CLANG_ANALYZER_NONNULL = YES;
				CLANG_ANALYZER_NUMBER_OBJECT_CONVERSION = YES_AGGRESSIVE;
				CLANG_CXX_LANGUAGE_STANDARD = "gnu++20";
				CLANG_ENABLE_MODULES = YES;
				CLANG_ENABLE_OBJC_ARC = YES;
				CLANG_ENABLE_OBJC_WEAK = YES;
				CLANG_WARN_BLOCK_CAPTURE_AUTORELEASING = YES;
				CLANG_WARN_BOOL_CONVERSION = YES;
				CLANG_WARN_COMMA = YES;
				CLANG_WARN_CONSTANT_CONVERSION = YES;
				CLANG_WARN_DEPRECATED_OBJC_IMPLEMENTATIONS = YES;
				CLANG_WARN_DIRECT_OBJC_ISA_USAGE = YES_ERROR;
				CLANG_WARN_DOCUMENTATION_COMMENTS = YES;
				CLANG_WARN_EMPTY_BODY = YES;
				CLANG_WARN_ENUM_CONVERSION = YES;
				CLANG_WARN_INFINITE_RECURSION = YES;
				CLANG_WARN_INT_CONVERSION = YES;
				CLANG_WARN_NON_LITERAL_NULL_CONVERSION = YES;
				CLANG_WARN_OBJC_IMPLICIT_RETAIN_SELF = YES;
				CLANG_WARN_OBJC_LITERAL_CONVERSION = YES;
				CLANG_WARN_OBJC_ROOT_CLASS = YES_ERROR;
				CLANG_WARN_QUOTED_INCLUDE_IN_FRAMEWORK_HEADER = YES;
				CLANG_WARN_RANGE_LOOP_ANALYSIS = YES;
				CLANG_WARN_STRICT_PROTOTYPES = YES;
				CLANG_WARN_SUSPICIOUS_MOVE = YES;
				CLANG_WARN_UNGUARDED_AVAILABILITY = YES_AGGRESSIVE;
				CLANG_WARN_UNREACHABLE_CODE = YES;
				CLANG_WARN__DUPLICATE_METHOD_MATCH = YES;
				COPY_PHASE_STRIP = NO;
				DEBUG_INFORMATION_FORMAT = dwarf;
				ENABLE_STRICT_OBJC_MSGSEND = YES;
				ENABLE_TESTABILITY = YES;
				ENABLE_USER_SCRIPT_SANDBOXING = YES;
				GCC_C_LANGUAGE_STANDARD = gnu17;
				GCC_DYNAMIC_NO_PIC = NO;
				GCC_NO_COMMON_BLOCKS = YES;
				GCC_OPTIMIZATION_LEVEL = 0;
				GCC_PREPROCESSOR_DEFINITIONS = (
					"DEBUG=1",
					"$(inherited)",
				);
				GCC_WARN_64_TO_32_BIT_CONVERSION = YES;
				GCC_WARN_ABOUT_RETURN_TYPE = YES_ERROR;
				GCC_WARN_UNDECLARED_SELECTOR = YES;
				GCC_WARN_UNINITIALIZED_AUTOS = YES_AGGRESSIVE;
				GCC_WARN_UNUSED_FUNCTION = YES;
				GCC_WARN_UNUSED_VARIABLE = YES;
				IPHONEOS_DEPLOYMENT_TARGET = 26.0;
				LOCALIZATION_PREFERS_STRING_CATALOGS = YES;
				MTL_ENABLE_DEBUG_INFO = INCLUDE_SOURCE;
				MTL_FAST_MATH = YES;
				ONLY_ACTIVE_ARCH = YES;
				SDKROOT = iphoneos;
				SWIFT_ACTIVE_COMPILATION_CONDITIONS = "DEBUG $(inherited)";
				SWIFT_OPTIMIZATION_LEVEL = "-Onone";
			};
			name = Debug;
		};
		D62659D22C69962A00625B74 /* Release */ = {
			isa = XCBuildConfiguration;
			buildSettings = {
				ALWAYS_SEARCH_USER_PATHS = NO;
				ASSETCATALOG_COMPILER_GENERATE_SWIFT_ASSET_SYMBOL_EXTENSIONS = YES;
				CLANG_ANALYZER_NONNULL = YES;
				CLANG_ANALYZER_NUMBER_OBJECT_CONVERSION = YES_AGGRESSIVE;
				CLANG_CXX_LANGUAGE_STANDARD = "gnu++20";
				CLANG_ENABLE_MODULES = YES;
				CLANG_ENABLE_OBJC_ARC = YES;
				CLANG_ENABLE_OBJC_WEAK = YES;
				CLANG_WARN_BLOCK_CAPTURE_AUTORELEASING = YES;
				CLANG_WARN_BOOL_CONVERSION = YES;
				CLANG_WARN_COMMA = YES;
				CLANG_WARN_CONSTANT_CONVERSION = YES;
				CLANG_WARN_DEPRECATED_OBJC_IMPLEMENTATIONS = YES;
				CLANG_WARN_DIRECT_OBJC_ISA_USAGE = YES_ERROR;
				CLANG_WARN_DOCUMENTATION_COMMENTS = YES;
				CLANG_WARN_EMPTY_BODY = YES;
				CLANG_WARN_ENUM_CONVERSION = YES;
				CLANG_WARN_INFINITE_RECURSION = YES;
				CLANG_WARN_INT_CONVERSION = YES;
				CLANG_WARN_NON_LITERAL_NULL_CONVERSION = YES;
				CLANG_WARN_OBJC_IMPLICIT_RETAIN_SELF = YES;
				CLANG_WARN_OBJC_LITERAL_CONVERSION = YES;
				CLANG_WARN_OBJC_ROOT_CLASS = YES_ERROR;
				CLANG_WARN_QUOTED_INCLUDE_IN_FRAMEWORK_HEADER = YES;
				CLANG_WARN_RANGE_LOOP_ANALYSIS = YES;
				CLANG_WARN_STRICT_PROTOTYPES = YES;
				CLANG_WARN_SUSPICIOUS_MOVE = YES;
				CLANG_WARN_UNGUARDED_AVAILABILITY = YES_AGGRESSIVE;
				CLANG_WARN_UNREACHABLE_CODE = YES;
				CLANG_WARN__DUPLICATE_METHOD_MATCH = YES;
				COPY_PHASE_STRIP = NO;
				DEBUG_INFORMATION_FORMAT = "dwarf-with-dsym";
				ENABLE_NS_ASSERTIONS = NO;
				ENABLE_STRICT_OBJC_MSGSEND = YES;
				ENABLE_USER_SCRIPT_SANDBOXING = YES;
				GCC_C_LANGUAGE_STANDARD = gnu17;
				GCC_NO_COMMON_BLOCKS = YES;
				GCC_WARN_64_TO_32_BIT_CONVERSION = YES;
				GCC_WARN_ABOUT_RETURN_TYPE = YES_ERROR;
				GCC_WARN_UNDECLARED_SELECTOR = YES;
				GCC_WARN_UNINITIALIZED_AUTOS = YES_AGGRESSIVE;
				GCC_WARN_UNUSED_FUNCTION = YES;
				GCC_WARN_UNUSED_VARIABLE = YES;
				IPHONEOS_DEPLOYMENT_TARGET = 26.0;
				LOCALIZATION_PREFERS_STRING_CATALOGS = YES;
				MTL_ENABLE_DEBUG_INFO = NO;
				MTL_FAST_MATH = YES;
				SDKROOT = iphoneos;
				SWIFT_COMPILATION_MODE = wholemodule;
				VALIDATE_PRODUCT = YES;
			};
			name = Release;
		};
		D62659D42C69962A00625B74 /* Debug */ = {
			isa = XCBuildConfiguration;
			baseConfigurationReference = 25C1422C44B7E303FEC68D2E /* Shared.xcconfig */;
			buildSettings = {
				ASSETCATALOG_COMPILER_APPICON_NAME = AppIcon;
				ASSETCATALOG_COMPILER_GLOBAL_ACCENT_COLOR_NAME = AccentColor;
				CODE_SIGN_ENTITLEMENTS = App/SpeedJarvis.entitlements;
				CURRENT_PROJECT_VERSION = 25;
				DEVELOPMENT_ASSET_PATHS = "\"App/Preview Content\"";
				ENABLE_PREVIEWS = YES;
				GENERATE_INFOPLIST_FILE = YES;
				INFOPLIST_FILE = App/Info.plist;
				INFOPLIST_KEY_NSLocationAlwaysAndWhenInUseUsageDescription = "To alert about speed";
				INFOPLIST_KEY_NSLocationAlwaysUsageDescription = "To alert about speed";
				INFOPLIST_KEY_NSLocationWhenInUseUsageDescription = "To alert about speed";
				INFOPLIST_KEY_UIApplicationSceneManifest_Generation = YES;
				INFOPLIST_KEY_UIApplicationSupportsIndirectInputEvents = YES;
				INFOPLIST_KEY_UILaunchScreen_Generation = YES;
				INFOPLIST_KEY_UISupportedInterfaceOrientations_iPad = "UIInterfaceOrientationPortrait UIInterfaceOrientationPortraitUpsideDown UIInterfaceOrientationLandscapeLeft UIInterfaceOrientationLandscapeRight";
				INFOPLIST_KEY_UISupportedInterfaceOrientations_iPhone = "UIInterfaceOrientationPortrait UIInterfaceOrientationPortraitUpsideDown UIInterfaceOrientationLandscapeLeft UIInterfaceOrientationLandscapeRight";
				LD_RUNPATH_SEARCH_PATHS = (
					"$(inherited)",
					"@executable_path/Frameworks",
				);
				MARKETING_VERSION = 0.14.2;
				PRODUCT_BUNDLE_IDENTIFIER = lu.ios.speed-jarvis;
				PRODUCT_NAME = "$(TARGET_NAME)";
				SWIFT_EMIT_LOC_STRINGS = YES;
				SWIFT_VERSION = 6.0;
				TARGETED_DEVICE_FAMILY = "1,2";
			};
			name = Debug;
		};
		D62659D52C69962A00625B74 /* Release */ = {
			isa = XCBuildConfiguration;
			baseConfigurationReference = 25C1422C44B7E303FEC68D2E /* Shared.xcconfig */;
			buildSettings = {
				ASSETCATALOG_COMPILER_APPICON_NAME = AppIcon;
				ASSETCATALOG_COMPILER_GLOBAL_ACCENT_COLOR_NAME = AccentColor;
				CODE_SIGN_ENTITLEMENTS = App/SpeedJarvis.entitlements;
				CURRENT_PROJECT_VERSION = 25;
				DEVELOPMENT_ASSET_PATHS = "\"App/Preview Content\"";
				ENABLE_PREVIEWS = YES;
				GENERATE_INFOPLIST_FILE = YES;
				INFOPLIST_FILE = App/Info.plist;
				INFOPLIST_KEY_NSLocationAlwaysAndWhenInUseUsageDescription = "To alert about speed";
				INFOPLIST_KEY_NSLocationAlwaysUsageDescription = "To alert about speed";
				INFOPLIST_KEY_NSLocationWhenInUseUsageDescription = "To alert about speed";
				INFOPLIST_KEY_UIApplicationSceneManifest_Generation = YES;
				INFOPLIST_KEY_UIApplicationSupportsIndirectInputEvents = YES;
				INFOPLIST_KEY_UILaunchScreen_Generation = YES;
				INFOPLIST_KEY_UISupportedInterfaceOrientations_iPad = "UIInterfaceOrientationPortrait UIInterfaceOrientationPortraitUpsideDown UIInterfaceOrientationLandscapeLeft UIInterfaceOrientationLandscapeRight";
				INFOPLIST_KEY_UISupportedInterfaceOrientations_iPhone = "UIInterfaceOrientationPortrait UIInterfaceOrientationPortraitUpsideDown UIInterfaceOrientationLandscapeLeft UIInterfaceOrientationLandscapeRight";
				LD_RUNPATH_SEARCH_PATHS = (
					"$(inherited)",
					"@executable_path/Frameworks",
				);
				MARKETING_VERSION = 0.14.2;
				PRODUCT_BUNDLE_IDENTIFIER = lu.ios.speed-jarvis;
				PRODUCT_NAME = "$(TARGET_NAME)";
				SWIFT_EMIT_LOC_STRINGS = YES;
				SWIFT_VERSION = 6.0;
				TARGETED_DEVICE_FAMILY = "1,2";
			};
			name = Release;
		};
		D7B100D100000000000000D1 /* Debug */ = {
			isa = XCBuildConfiguration;
			baseConfigurationReference = 25C1422C44B7E303FEC68D2E /* Shared.xcconfig */;
			buildSettings = {
				ASSETCATALOG_COMPILER_APPICON_NAME = AppIcon;
				ASSETCATALOG_COMPILER_GLOBAL_ACCENT_COLOR_NAME = AccentColor;
				CURRENT_PROJECT_VERSION = 24;
				ENABLE_PREVIEWS = YES;
				GENERATE_INFOPLIST_FILE = YES;
				INFOPLIST_KEY_CFBundleDisplayName = SpeedJarvis;
				INFOPLIST_KEY_WKCompanionAppBundleIdentifier = "lu.ios.speed-jarvis";
				LD_RUNPATH_SEARCH_PATHS = (
					"$(inherited)",
					"@executable_path/Frameworks",
				);
				MARKETING_VERSION = 0.14.1;
				PRODUCT_BUNDLE_IDENTIFIER = "lu.ios.speed-jarvis.watchkitapp";
				PRODUCT_NAME = "$(TARGET_NAME)";
				SDKROOT = watchos;
				SKIP_INSTALL = YES;
				SWIFT_EMIT_LOC_STRINGS = YES;
				SWIFT_VERSION = 6.0;
				TARGETED_DEVICE_FAMILY = 4;
				WATCHOS_DEPLOYMENT_TARGET = 26.0;
			};
			name = Debug;
		};
		D7B100D200000000000000D2 /* Release */ = {
			isa = XCBuildConfiguration;
			baseConfigurationReference = 25C1422C44B7E303FEC68D2E /* Shared.xcconfig */;
			buildSettings = {
				ASSETCATALOG_COMPILER_APPICON_NAME = AppIcon;
				ASSETCATALOG_COMPILER_GLOBAL_ACCENT_COLOR_NAME = AccentColor;
				CURRENT_PROJECT_VERSION = 24;
				ENABLE_PREVIEWS = YES;
				GENERATE_INFOPLIST_FILE = YES;
				INFOPLIST_KEY_CFBundleDisplayName = SpeedJarvis;
				INFOPLIST_KEY_WKCompanionAppBundleIdentifier = "lu.ios.speed-jarvis";
				LD_RUNPATH_SEARCH_PATHS = (
					"$(inherited)",
					"@executable_path/Frameworks",
				);
				MARKETING_VERSION = 0.14.1;
				PRODUCT_BUNDLE_IDENTIFIER = "lu.ios.speed-jarvis.watchkitapp";
				PRODUCT_NAME = "$(TARGET_NAME)";
				SDKROOT = watchos;
				SKIP_INSTALL = YES;
				SWIFT_EMIT_LOC_STRINGS = YES;
				SWIFT_VERSION = 6.0;
				TARGETED_DEVICE_FAMILY = 4;
				WATCHOS_DEPLOYMENT_TARGET = 26.0;
			};
			name = Release;
		};
/* End XCBuildConfiguration section */

/* Begin XCConfigurationList section */
		D62659C02C69962800625B74 /* Build configuration list for PBXProject "SpeedJarvis" */ = {
			isa = XCConfigurationList;
			buildConfigurations = (
				D62659D12C69962A00625B74 /* Debug */,
				D62659D22C69962A00625B74 /* Release */,
			);
			defaultConfigurationIsVisible = 0;
			defaultConfigurationName = Release;
		};
		D62659D32C69962A00625B74 /* Build configuration list for PBXNativeTarget "SpeedJarvis" */ = {
			isa = XCConfigurationList;
			buildConfigurations = (
				D62659D42C69962A00625B74 /* Debug */,
				D62659D52C69962A00625B74 /* Release */,
			);
			defaultConfigurationIsVisible = 0;
			defaultConfigurationName = Release;
		};
		D7B100D300000000000000D3 /* Build configuration list for PBXNativeTarget "SpeedJarvisWatch" */ = {
			isa = XCConfigurationList;
			buildConfigurations = (
				D7B100D100000000000000D1 /* Debug */,
				D7B100D200000000000000D2 /* Release */,
			);
			defaultConfigurationIsVisible = 0;
			defaultConfigurationName = Release;
		};
/* End XCConfigurationList section */

/* Begin XCLocalSwiftPackageReference section */
		D6AA00012C6996AA00625B74 /* XCLocalSwiftPackageReference ".." */ = {
			isa = XCLocalSwiftPackageReference;
			relativePath = "..";
		};
/* End XCLocalSwiftPackageReference section */

/* Begin XCRemoteSwiftPackageReference section */
		D6AA00022C6996AA00625B74 /* XCRemoteSwiftPackageReference "SwiftRex" */ = {
			isa = XCRemoteSwiftPackageReference;
			repositoryURL = "https://github.com/SwiftRex/SwiftRex.git";
			requirement = {
				branch = main;
				kind = branch;
			};
			traits = (
				ReactiveConcurrency,
				default,
			);
		};
/* End XCRemoteSwiftPackageReference section */

/* Begin XCSwiftPackageProductDependency section */
		D62659D72C69969F00625B74 /* AppCore */ = {
			isa = XCSwiftPackageProductDependency;
			package = D6AA00012C6996AA00625B74 /* XCLocalSwiftPackageReference ".." */;
			productName = AppCore;
		};
		D7B100C600000000000000C6 /* WatchCore */ = {
			isa = XCSwiftPackageProductDependency;
			package = D6AA00012C6996AA00625B74 /* XCLocalSwiftPackageReference ".." */;
			productName = WatchCore;
		};
/* End XCSwiftPackageProductDependency section */
	};
	rootObject = D62659BD2C69962800625B74 /* Project object */;
}
